// !$*UTF8*$!
{
	archiveVersion = 1;
	classes = {
	};
	objectVersion = 55;
	objects = {

/* Begin PBXBuildFile section */
		667DED76282AAC6E0089B916 /* DevotionApp.swift in Sources */ = {isa = PBXBuildFile; fileRef = 667DED75282AAC6E0089B916 /* DevotionApp.swift */; };
		667DED78282AAC6E0089B916 /* ContentView.swift in Sources */ = {isa = PBXBuildFile; fileRef = 667DED77282AAC6E0089B916 /* ContentView.swift */; };
		667DED7A282AAC700089B916 /* Assets.xcassets in Resources */ = {isa = PBXBuildFile; fileRef = 667DED79282AAC700089B916 /* Assets.xcassets */; };
		667DED7D282AAC700089B916 /* Preview Assets.xcassets in Resources */ = {isa = PBXBuildFile; fileRef = 667DED7C282AAC700089B916 /* Preview Assets.xcassets */; };
		667DED7F282AAC700089B916 /* Persistence.swift in Sources */ = {isa = PBXBuildFile; fileRef = 667DED7E282AAC700089B916 /* Persistence.swift */; };
		667DED82282AAC700089B916 /* Devotion.xcdatamodeld in Sources */ = {isa = PBXBuildFile; fileRef = 667DED80282AAC700089B916 /* Devotion.xcdatamodeld */; };
		667DED94282ABA070089B916 /* Constant.swift in Sources */ = {isa = PBXBuildFile; fileRef = 667DED93282ABA070089B916 /* Constant.swift */; };
		667DED96282AC6E80089B916 /* HideKeyboardExtension.swift in Sources */ = {isa = PBXBuildFile; fileRef = 667DED95282AC6E80089B916 /* HideKeyboardExtension.swift */; };
		667DED98282ADF8E0089B916 /* BackgroundImageView.swift in Sources */ = {isa = PBXBuildFile; fileRef = 667DED97282ADF8E0089B916 /* BackgroundImageView.swift */; };
		667DED9A282AE2E00089B916 /* NewTaskItemView.swift in Sources */ = {isa = PBXBuildFile; fileRef = 667DED99282AE2E00089B916 /* NewTaskItemView.swift */; };
		667DED9C282AE7860089B916 /* BlankView.swift in Sources */ = {isa = PBXBuildFile; fileRef = 667DED9B282AE7860089B916 /* BlankView.swift */; };
/* End PBXBuildFile section */

/* Begin PBXFileReference section */
		667DED72282AAC6E0089B916 /* Devotion.app */ = {isa = PBXFileReference; explicitFileType = wrapper.application; includeInIndex = 0; path = Devotion.app; sourceTree = BUILT_PRODUCTS_DIR; };
		667DED75282AAC6E0089B916 /* DevotionApp.swift */ = {isa = PBXFileReference; lastKnownFileType = sourcecode.swift; path = DevotionApp.swift; sourceTree = "<group>"; };
		667DED77282AAC6E0089B916 /* ContentView.swift */ = {isa = PBXFileReference; lastKnownFileType = sourcecode.swift; path = ContentView.swift; sourceTree = "<group>"; };
		667DED79282AAC700089B916 /* Assets.xcassets */ = {isa = PBXFileReference; lastKnownFileType = folder.assetcatalog; path = Assets.xcassets; sourceTree = "<group>"; };
		667DED7C282AAC700089B916 /* Preview Assets.xcassets */ = {isa = PBXFileReference; lastKnownFileType = folder.assetcatalog; path = "Preview Assets.xcassets"; sourceTree = "<group>"; };
		667DED7E282AAC700089B916 /* Persistence.swift */ = {isa = PBXFileReference; lastKnownFileType = sourcecode.swift; path = Persistence.swift; sourceTree = "<group>"; };
		667DED81282AAC700089B916 /* Devotion.xcdatamodel */ = {isa = PBXFileReference; lastKnownFileType = wrapper.xcdatamodel; path = Devotion.xcdatamodel; sourceTree = "<group>"; };
		667DED8E282AAE890089B916 /* Info.plist */ = {isa = PBXFileReference; lastKnownFileType = text.plist; path = Info.plist; sourceTree = "<group>"; };
		667DED93282ABA070089B916 /* Constant.swift */ = {isa = PBXFileReference; lastKnownFileType = sourcecode.swift; path = Constant.swift; sourceTree = "<group>"; };
		667DED95282AC6E80089B916 /* HideKeyboardExtension.swift */ = {isa = PBXFileReference; lastKnownFileType = sourcecode.swift; path = HideKeyboardExtension.swift; sourceTree = "<group>"; };
		667DED97282ADF8E0089B916 /* BackgroundImageView.swift */ = {isa = PBXFileReference; lastKnownFileType = sourcecode.swift; path = BackgroundImageView.swift; sourceTree = "<group>"; };
		667DED99282AE2E00089B916 /* NewTaskItemView.swift */ = {isa = PBXFileReference; lastKnownFileType = sourcecode.swift; path = NewTaskItemView.swift; sourceTree = "<group>"; };
		667DED9B282AE7860089B916 /* BlankView.swift */ = {isa = PBXFileReference; lastKnownFileType = sourcecode.swift; path = BlankView.swift; sourceTree = "<group>"; };
/* End PBXFileReference section */

/* Begin PBXFrameworksBuildPhase section */
		667DED6F282AAC6E0089B916 /* Frameworks */ = {
			isa = PBXFrameworksBuildPhase;
			buildActionMask = 2147483647;
			files = (
			);
			runOnlyForDeploymentPostprocessing = 0;
		};
/* End PBXFrameworksBuildPhase section */

/* Begin PBXGroup section */
		667DED69282AAC6E0089B916 = {
			isa = PBXGroup;
			children = (
				667DED74282AAC6E0089B916 /* Devotion */,
				667DED73282AAC6E0089B916 /* Products */,
			);
			sourceTree = "<group>";
		};
		667DED73282AAC6E0089B916 /* Products */ = {
			isa = PBXGroup;
			children = (
				667DED72282AAC6E0089B916 /* Devotion.app */,
			);
			name = Products;
			sourceTree = "<group>";
		};
		667DED74282AAC6E0089B916 /* Devotion */ = {
			isa = PBXGroup;
			children = (
				667DED8E282AAE890089B916 /* Info.plist */,
				667DED8C282AAE010089B916 /* Style */,
				667DED8B282AADFB0089B916 /* Utility */,
				667DED8A282AADF50089B916 /* Extension */,
				667DED88282AADD70089B916 /* Sound */,
				667DED75282AAC6E0089B916 /* DevotionApp.swift */,
				667DED89282AADEE0089B916 /* View */,
				667DED79282AAC700089B916 /* Assets.xcassets */,
				667DED8D282AAE220089B916 /* Model */,
				667DED7B282AAC700089B916 /* Preview Content */,
			);
			path = Devotion;
			sourceTree = "<group>";
		};
		667DED7B282AAC700089B916 /* Preview Content */ = {
			isa = PBXGroup;
			children = (
				667DED7C282AAC700089B916 /* Preview Assets.xcassets */,
			);
			path = "Preview Content";
			sourceTree = "<group>";
		};
		667DED88282AADD70089B916 /* Sound */ = {
			isa = PBXGroup;
			children = (
			);
			path = Sound;
			sourceTree = "<group>";
		};
		667DED89282AADEE0089B916 /* View */ = {
			isa = PBXGroup;
			children = (
				667DED77282AAC6E0089B916 /* ContentView.swift */,
				667DED97282ADF8E0089B916 /* BackgroundImageView.swift */,
				667DED99282AE2E00089B916 /* NewTaskItemView.swift */,
				667DED9B282AE7860089B916 /* BlankView.swift */,
			);
			path = View;
			sourceTree = "<group>";
		};
		667DED8A282AADF50089B916 /* Extension */ = {
			isa = PBXGroup;
			children = (
				667DED95282AC6E80089B916 /* HideKeyboardExtension.swift */,
			);
			path = Extension;
			sourceTree = "<group>";
		};
		667DED8B282AADFB0089B916 /* Utility */ = {
			isa = PBXGroup;
			children = (
				667DED93282ABA070089B916 /* Constant.swift */,
			);
			path = Utility;
			sourceTree = "<group>";
		};
		667DED8C282AAE010089B916 /* Style */ = {
			isa = PBXGroup;
			children = (
			);
			path = Style;
			sourceTree = "<group>";
		};
		667DED8D282AAE220089B916 /* Model */ = {
			isa = PBXGroup;
			children = (
				667DED7E282AAC700089B916 /* Persistence.swift */,
				667DED80282AAC700089B916 /* Devotion.xcdatamodeld */,
			);
			path = Model;
			sourceTree = "<group>";
		};
/* End PBXGroup section */

/* Begin PBXNativeTarget section */
		667DED71282AAC6E0089B916 /* Devotion */ = {
			isa = PBXNativeTarget;
			buildConfigurationList = 667DED85282AAC700089B916 /* Build configuration list for PBXNativeTarget "Devotion" */;
			buildPhases = (
				667DED6E282AAC6E0089B916 /* Sources */,
				667DED6F282AAC6E0089B916 /* Frameworks */,
				667DED70282AAC6E0089B916 /* Resources */,
			);
			buildRules = (
			);
			dependencies = (
			);
			name = Devotion;
			productName = Devotion;
			productReference = 667DED72282AAC6E0089B916 /* Devotion.app */;
			productType = "com.apple.product-type.application";
		};
/* End PBXNativeTarget section */

/* Begin PBXProject section */
		667DED6A282AAC6E0089B916 /* Project object */ = {
			isa = PBXProject;
			attributes = {
				BuildIndependentTargetsInParallel = 1;
				LastSwiftUpdateCheck = 1330;
				LastUpgradeCheck = 1330;
				TargetAttributes = {
					667DED71282AAC6E0089B916 = {
						CreatedOnToolsVersion = 13.3.1;
					};
				};
			};
			buildConfigurationList = 667DED6D282AAC6E0089B916 /* Build configuration list for PBXProject "Devotion" */;
			compatibilityVersion = "Xcode 13.0";
			developmentRegion = en;
			hasScannedForEncodings = 0;
			knownRegions = (
				en,
				Base,
			);
			mainGroup = 667DED69282AAC6E0089B916;
			productRefGroup = 667DED73282AAC6E0089B916 /* Products */;
			projectDirPath = "";
			projectRoot = "";
			targets = (
				667DED71282AAC6E0089B916 /* Devotion */,
			);
		};
/* End PBXProject section */

/* Begin PBXResourcesBuildPhase section */
		667DED70282AAC6E0089B916 /* Resources */ = {
			isa = PBXResourcesBuildPhase;
			buildActionMask = 2147483647;
			files = (
				667DED7D282AAC700089B916 /* Preview Assets.xcassets in Resources */,
				667DED7A282AAC700089B916 /* Assets.xcassets in Resources */,
			);
			runOnlyForDeploymentPostprocessing = 0;
		};
/* End PBXResourcesBuildPhase section */

/* Begin PBXSourcesBuildPhase section */
		667DED6E282AAC6E0089B916 /* Sources */ = {
			isa = PBXSourcesBuildPhase;
			buildActionMask = 2147483647;
			files = (
				667DED7F282AAC700089B916 /* Persistence.swift in Sources */,
				667DED98282ADF8E0089B916 /* BackgroundImageView.swift in Sources */,
				667DED82282AAC700089B916 /* Devotion.xcdatamodeld in Sources */,
				667DED96282AC6E80089B916 /* HideKeyboardExtension.swift in Sources */,
				667DED9C282AE7860089B916 /* BlankView.swift in Sources */,
				667DED94282ABA070089B916 /* Constant.swift in Sources */,
				667DED78282AAC6E0089B916 /* ContentView.swift in Sources */,
				667DED76282AAC6E0089B916 /* DevotionApp.swift in Sources */,
				667DED9A282AE2E00089B916 /* NewTaskItemView.swift in Sources */,
			);
			runOnlyForDeploymentPostprocessing = 0;
		};
/* End PBXSourcesBuildPhase section */

/* Begin XCBuildConfiguration section */
		667DED83282AAC700089B916 /* Debug */ = {
			isa = XCBuildConfiguration;
			buildSettings = {
				ALWAYS_SEARCH_USER_PATHS = NO;
				CLANG_ANALYZER_NONNULL = YES;
				CLANG_ANALYZER_NUMBER_OBJECT_CONVERSION = YES_AGGRESSIVE;
				CLANG_CXX_LANGUAGE_STANDARD = "gnu++17";
				CLANG_ENABLE_MODULES = YES;
				CLANG_ENABLE_OBJC_ARC = YES;
				CLANG_ENABLE_OBJC_WEAK = YES;
				CLANG_WARN_BLOCK_CAPTURE_AUTORELEASING = YES;
				CLANG_WARN_BOOL_CONVERSION = YES;
				CLANG_WARN_COMMA = YES;
				CLANG_WARN_CONSTANT_CONVERSION = YES;
				CLANG_WARN_DEPRECATED_OBJC_IMPLEMENTATIONS = YES;
				CLANG_WARN_DIRECT_OBJC_ISA_USAGE = YES_ERROR;
				CLANG_WARN_DOCUMENTATION_COMMENTS = YES;
				CLANG_WARN_EMPTY_BODY = YES;
				CLANG_WARN_ENUM_CONVERSION = YES;
				CLANG_WARN_INFINITE_RECURSION = YES;
				CLANG_WARN_INT_CONVERSION = YES;
				CLANG_WARN_NON_LITERAL_NULL_CONVERSION = YES;
				CLANG_WARN_OBJC_IMPLICIT_RETAIN_SELF = YES;
				CLANG_WARN_OBJC_LITERAL_CONVERSION = YES;
				CLANG_WARN_OBJC_ROOT_CLASS = YES_ERROR;
				CLANG_WARN_QUOTED_INCLUDE_IN_FRAMEWORK_HEADER = YES;
				CLANG_WARN_RANGE_LOOP_ANALYSIS = YES;
				CLANG_WARN_STRICT_PROTOTYPES = YES;
				CLANG_WARN_SUSPICIOUS_MOVE = YES;
				CLANG_WARN_UNGUARDED_AVAILABILITY = YES_AGGRESSIVE;
				CLANG_WARN_UNREACHABLE_CODE = YES;
				CLANG_WARN__DUPLICATE_METHOD_MATCH = YES;
				COPY_PHASE_STRIP = NO;
				DEBUG_INFORMATION_FORMAT = dwarf;
				ENABLE_STRICT_OBJC_MSGSEND = YES;
				ENABLE_TESTABILITY = YES;
				GCC_C_LANGUAGE_STANDARD = gnu11;
				GCC_DYNAMIC_NO_PIC = NO;
				GCC_NO_COMMON_BLOCKS = YES;
				GCC_OPTIMIZATION_LEVEL = 0;
				GCC_PREPROCESSOR_DEFINITIONS = (
					"DEBUG=1",
					"$(inherited)",
				);
				GCC_WARN_64_TO_32_BIT_CONVERSION = YES;
				GCC_WARN_ABOUT_RETURN_TYPE = YES_ERROR;
				GCC_WARN_UNDECLARED_SELECTOR = YES;
				GCC_WARN_UNINITIALIZED_AUTOS = YES_AGGRESSIVE;
				GCC_WARN_UNUSED_FUNCTION = YES;
				GCC_WARN_UNUSED_VARIABLE = YES;
				IPHONEOS_DEPLOYMENT_TARGET = 15.4;
				MTL_ENABLE_DEBUG_INFO = INCLUDE_SOURCE;
				MTL_FAST_MATH = YES;
				ONLY_ACTIVE_ARCH = YES;
				SDKROOT = iphoneos;
				SWIFT_ACTIVE_COMPILATION_CONDITIONS = DEBUG;
				SWIFT_OPTIMIZATION_LEVEL = "-Onone";
			};
			name = Debug;
		};
		667DED84282AAC700089B916 /* Release */ = {
			isa = XCBuildConfiguration;
			buildSettings = {
				ALWAYS_SEARCH_USER_PATHS = NO;
				CLANG_ANALYZER_NONNULL = YES;
				CLANG_ANALYZER_NUMBER_OBJECT_CONVERSION = YES_AGGRESSIVE;
				CLANG_CXX_LANGUAGE_STANDARD = "gnu++17";
				CLANG_ENABLE_MODULES = YES;
				CLANG_ENABLE_OBJC_ARC = YES;
				CLANG_ENABLE_OBJC_WEAK = YES;
				CLANG_WARN_BLOCK_CAPTURE_AUTORELEASING = YES;
				CLANG_WARN_BOOL_CONVERSION = YES;
				CLANG_WARN_COMMA = YES;
				CLANG_WARN_CONSTANT_CONVERSION = YES;
				CLANG_WARN_DEPRECATED_OBJC_IMPLEMENTATIONS = YES;
				CLANG_WARN_DIRECT_OBJC_ISA_USAGE = YES_ERROR;
				CLANG_WARN_DOCUMENTATION_COMMENTS = YES;
				CLANG_WARN_EMPTY_BODY = YES;
				CLANG_WARN_ENUM_CONVERSION = YES;
				CLANG_WARN_INFINITE_RECURSION = YES;
				CLANG_WARN_INT_CONVERSION = YES;
				CLANG_WARN_NON_LITERAL_NULL_CONVERSION = YES;
				CLANG_WARN_OBJC_IMPLICIT_RETAIN_SELF = YES;
				CLANG_WARN_OBJC_LITERAL_CONVERSION = YES;
				CLANG_WARN_OBJC_ROOT_CLASS = YES_ERROR;
				CLANG_WARN_QUOTED_INCLUDE_IN_FRAMEWORK_HEADER = YES;
				CLANG_WARN_RANGE_LOOP_ANALYSIS = YES;
				CLANG_WARN_STRICT_PROTOTYPES = YES;
				CLANG_WARN_SUSPICIOUS_MOVE = YES;
				CLANG_WARN_UNGUARDED_AVAILABILITY = YES_AGGRESSIVE;
				CLANG_WARN_UNREACHABLE_CODE = YES;
				CLANG_WARN__DUPLICATE_METHOD_MATCH = YES;
				COPY_PHASE_STRIP = NO;
				DEBUG_INFORMATION_FORMAT = "dwarf-with-dsym";
				ENABLE_NS_ASSERTIONS = NO;
				ENABLE_STRICT_OBJC_MSGSEND = YES;
				GCC_C_LANGUAGE_STANDARD = gnu11;
				GCC_NO_COMMON_BLOCKS = YES;
				GCC_WARN_64_TO_32_BIT_CONVERSION = YES;
				GCC_WARN_ABOUT_RETURN_TYPE = YES_ERROR;
				GCC_WARN_UNDECLARED_SELECTOR = YES;
				GCC_WARN_UNINITIALIZED_AUTOS = YES_AGGRESSIVE;
				GCC_WARN_UNUSED_FUNCTION = YES;
				GCC_WARN_UNUSED_VARIABLE = YES;
				IPHONEOS_DEPLOYMENT_TARGET = 15.4;
				MTL_ENABLE_DEBUG_INFO = NO;
				MTL_FAST_MATH = YES;
				SDKROOT = iphoneos;
				SWIFT_COMPILATION_MODE = wholemodule;
				SWIFT_OPTIMIZATION_LEVEL = "-O";
				VALIDATE_PRODUCT = YES;
			};
			name = Release;
		};
		667DED86282AAC700089B916 /* Debug */ = {
			isa = XCBuildConfiguration;
			buildSettings = {
				ASSETCATALOG_COMPILER_APPICON_NAME = AppIcon;
				ASSETCATALOG_COMPILER_GLOBAL_ACCENT_COLOR_NAME = AccentColor;
				CODE_SIGN_STYLE = Automatic;
				CURRENT_PROJECT_VERSION = 1;
				DEVELOPMENT_ASSET_PATHS = "\"Devotion/Preview Content\"";
				DEVELOPMENT_TEAM = 3PX6J6VL32;
				ENABLE_PREVIEWS = YES;
				GENERATE_INFOPLIST_FILE = YES;
				INFOPLIST_FILE = Devotion/Info.plist;
				INFOPLIST_KEY_UIApplicationSceneManifest_Generation = YES;
				INFOPLIST_KEY_UIApplicationSupportsIndirectInputEvents = YES;
				INFOPLIST_KEY_UISupportedInterfaceOrientations = UIInterfaceOrientationPortrait;
				INFOPLIST_KEY_UISupportedInterfaceOrientations_iPad = "UIInterfaceOrientationPortrait UIInterfaceOrientationPortraitUpsideDown UIInterfaceOrientationLandscapeLeft UIInterfaceOrientationLandscapeRight";
				INFOPLIST_KEY_UISupportedInterfaceOrientations_iPhone = "UIInterfaceOrientationPortrait UIInterfaceOrientationLandscapeLeft UIInterfaceOrientationLandscapeRight";
				LD_RUNPATH_SEARCH_PATHS = (
					"$(inherited)",
					"@executable_path/Frameworks",
				);
				MARKETING_VERSION = 1.0;
				PRODUCT_BUNDLE_IDENTIFIER = com.januszewski.Devotion;
				PRODUCT_NAME = "$(TARGET_NAME)";
				SWIFT_EMIT_LOC_STRINGS = YES;
				SWIFT_VERSION = 5.0;
				TARGETED_DEVICE_FAMILY = "1,2";
			};
			name = Debug;
		};
		667DED87282AAC700089B916 /* Release */ = {
			isa = XCBuildConfiguration;
			buildSettings = {
				ASSETCATALOG_COMPILER_APPICON_NAME = AppIcon;
				ASSETCATALOG_COMPILER_GLOBAL_ACCENT_COLOR_NAME = AccentColor;
				CODE_SIGN_STYLE = Automatic;
				CURRENT_PROJECT_VERSION = 1;
				DEVELOPMENT_ASSET_PATHS = "\"Devotion/Preview Content\"";
				DEVELOPMENT_TEAM = 3PX6J6VL32;
				ENABLE_PREVIEWS = YES;
				GENERATE_INFOPLIST_FILE = YES;
				INFOPLIST_FILE = Devotion/Info.plist;
				INFOPLIST_KEY_UIApplicationSceneManifest_Generation = YES;
				INFOPLIST_KEY_UIApplicationSupportsIndirectInputEvents = YES;
				INFOPLIST_KEY_UISupportedInterfaceOrientations = UIInterfaceOrientationPortrait;
				INFOPLIST_KEY_UISupportedInterfaceOrientations_iPad = "UIInterfaceOrientationPortrait UIInterfaceOrientationPortraitUpsideDown UIInterfaceOrientationLandscapeLeft UIInterfaceOrientationLandscapeRight";
				INFOPLIST_KEY_UISupportedInterfaceOrientations_iPhone = "UIInterfaceOrientationPortrait UIInterfaceOrientationLandscapeLeft UIInterfaceOrientationLandscapeRight";
				LD_RUNPATH_SEARCH_PATHS = (
					"$(inherited)",
					"@executable_path/Frameworks",
				);
				MARKETING_VERSION = 1.0;
				PRODUCT_BUNDLE_IDENTIFIER = com.januszewski.Devotion;
				PRODUCT_NAME = "$(TARGET_NAME)";
				SWIFT_EMIT_LOC_STRINGS = YES;
				SWIFT_VERSION = 5.0;
				TARGETED_DEVICE_FAMILY = "1,2";
			};
			name = Release;
		};
/* End XCBuildConfiguration section */

/* Begin XCConfigurationList section */
		667DED6D282AAC6E0089B916 /* Build configuration list for PBXProject "Devotion" */ = {
			isa = XCConfigurationList;
			buildConfigurations = (
				667DED83282AAC700089B916 /* Debug */,
				667DED84282AAC700089B916 /* Release */,
			);
			defaultConfigurationIsVisible = 0;
			defaultConfigurationName = Release;
		};
		667DED85282AAC700089B916 /* Build configuration list for PBXNativeTarget "Devotion" */ = {
			isa = XCConfigurationList;
			buildConfigurations = (
				667DED86282AAC700089B916 /* Debug */,
				667DED87282AAC700089B916 /* Release */,
			);
			defaultConfigurationIsVisible = 0;
			defaultConfigurationName = Release;
		};
/* End XCConfigurationList section */

/* Begin XCVersionGroup section */
		667DED80282AAC700089B916 /* Devotion.xcdatamodeld */ = {
			isa = XCVersionGroup;
			children = (
				667DED81282AAC700089B916 /* Devotion.xcdatamodel */,
			);
			currentVersion = 667DED81282AAC700089B916 /* Devotion.xcdatamodel */;
			path = Devotion.xcdatamodeld;
			sourceTree = "<group>";
			versionGroupType = wrapper.xcdatamodel;
		};
/* End XCVersionGroup section */
	};
	rootObject = 667DED6A282AAC6E0089B916 /* Project object */;
}
